
Microsoft Visual Studio Solution File, Format Version 12.00
# Visual Studio 15
VisualStudioVersion = 15.0.28307.168
MinimumVisualStudioVersion = 10.0.40219.1
Project("{FAE04EC0-301F-11D3-BF4B-00C04F79EFBC}") = "AspNewMvcUnitTest.Web", "AspNewMvcUnitTest.Web\AspNewMvcUnitTest.Web.csproj", "{682D651C-E31D-4422-BFF0-46FDE1C4DFC1}"
EndProject
Project("{FAE04EC0-301F-11D3-BF4B-00C04F79EFBC}") = "AspNetMvcUnitTest.Tests", "AspNetMvcUnitTest.Tests\AspNetMvcUnitTest.Tests.csproj", "{240797DB-363E-44E6-A9B0-83A1296719CE}"
EndProject
Project("{FAE04EC0-301F-11D3-BF4B-00C04F79EFBC}") = "AspNetMvcUnitTest.Data", "AspNetMvcUnitTest.Data\AspNetMvcUnitTest.Data.csproj", "{F60499CB-B16D-4DE2-89B7-4FECE5A2C5C9}"
EndProject
Global
	GlobalSection(SolutionConfigurationPlatforms) = preSolution
		Debug|Any CPU = Debug|Any CPU
		Release|Any CPU = Release|Any CPU
	EndGlobalSection
	GlobalSection(ProjectConfigurationPlatforms) = postSolution
		{682D651C-E31D-4422-BFF0-46FDE1C4DFC1}.Debug|Any CPU.ActiveCfg = Debug|Any CPU
		{682D651C-E31D-4422-BFF0-46FDE1C4DFC1}.Debug|Any CPU.Build.0 = Debug|Any CPU
		{682D651C-E31D-4422-BFF0-46FDE1C4DFC1}.Release|Any CPU.ActiveCfg = Release|Any CPU
		{682D651C-E31D-4422-BFF0-46FDE1C4DFC1}.Release|Any CPU.Build.0 = Release|Any CPU
		{240797DB-363E-44E6-A9B0-83A1296719CE}.Debug|Any CPU.ActiveCfg = Debug|Any CPU
		{240797DB-363E-44E6-A9B0-83A1296719CE}.Debug|Any CPU.Build.0 = Debug|Any CPU
		{240797DB-363E-44E6-A9B0-83A1296719CE}.Release|Any CPU.ActiveCfg = Release|Any CPU
		{240797DB-363E-44E6-A9B0-83A1296719CE}.Release|Any CPU.Build.0 = Release|Any CPU
		{F60499CB-B16D-4DE2-89B7-4FECE5A2C5C9}.Debug|Any CPU.ActiveCfg = Debug|Any CPU
		{F60499CB-B16D-4DE2-89B7-4FECE5A2C5C9}.Debug|Any CPU.Build.0 = Debug|Any CPU
		{F60499CB-B16D-4DE2-89B7-4FECE5A2C5C9}.Release|Any CPU.ActiveCfg = Release|Any CPU
		{F60499CB-B16D-4DE2-89B7-4FECE5A2C5C9}.Release|Any CPU.Build.0 = Release|Any CPU
	EndGlobalSection
	GlobalSection(SolutionProperties) = preSolution
		HideSolutionNode = FALSE
	EndGlobalSection
	GlobalSection(ExtensibilityGlobals) = postSolution
		SolutionGuid = {0BA0BC6B-670B-4801-A567-BA7F4F258449}
	EndGlobalSection
EndGlobal
